PODS:
  - Alamofire (5.4.3)
  - Realm (10.25.1):
    - Realm/Headers (= 10.25.1)
  - Realm/Headers (10.25.1)
  - RealmSwift (10.25.1):
    - Realm (= 10.25.1)
  - RxCocoa (5.0.0):
    - RxRelay (~> 5)
    - RxSwift (~> 5)
  - RxGesture (3.0.1):
    - RxCocoa (~> 5.0)
    - RxSwift (~> 5.0)
  - RxRelay (5.1.1):
    - RxSwift (~> 5)
  - RxSwift (5.0.0)
  - SVProgressHUD (2.2.5)

DEPENDENCIES:
  - Alamofire
  - RealmSwift
  - RxCocoa (= 5.0)
  - RxGesture (= 3.0.1)
  - RxSwift (= 5.0)
  - SVProgressHUD

SPEC REPOS:
  trunk:
    - Alamofire
    - Realm
    - RealmSwift
    - RxCocoa
    - RxGesture
    - RxRelay
    - RxSwift
    - SVProgressHUD

SPEC CHECKSUMS:
  Alamofire: e447a2774a40c996748296fa2c55112fdbbc42f9
  Realm: 1a6e9b4f6983711655d8c0bcb6d2d29c3afbb1f3
  RealmSwift: e72669550d27082aa4fad5d176f5076cfe806245
  RxCocoa: fcf32050ac00d801f34a7f71d5e8e7f23026dcd8
  RxGesture: a3f8dd6adf078110ed5e1c9c30d09d705a09852e
  RxRelay: d77f7d771495f43c556cbc43eebd1bb54d01e8e9
  RxSwift: 8b0671caa829a763bbce7271095859121cbd895f
  SVProgressHUD: 1428aafac632c1f86f62aa4243ec12008d7a51d6

PODFILE CHECKSUM: c65adef3b2ce7085defc4f7ebd7fc59c2d9927bc

COCOAPODS: 1.11.3
