PODS:
  - Alamofire (5.4.3)
  - Realm (10.25.1):
    - Realm/Headers (= 10.25.1)
  - Realm/Headers (10.25.1)
  - RealmSwift (10.25.1):
    - Realm (= 10.25.1)
  - RxCocoa (5.0.0):
    - RxRelay (~> 5)
    - RxSwift (~> 5)
  - RxGesture (3.0.1):
    - RxCocoa (~> 5.0)
    - RxSwift (~> 5.0)
  - RxRelay (5.1.1):
    - RxSwift (~> 5)
  - RxSwift (5.0.0)
  - SDWebImage (4.4.8):
    - SDWebImage/Core (= 4.4.8)
  - SDWebImage/Core (4.4.8)
  - SVProgressHUD (2.2.5)
  - youtube-ios-player-helper (1.0.4)

DEPENDENCIES:
  - Alamofire
  - RealmSwift
  - RxCocoa (= 5.0)
  - RxGesture (= 3.0.1)
  - RxSwift (= 5.0)
  - SDWebImage (~> 4.0)
  - SVProgressHUD
  - youtube-ios-player-helper

SPEC REPOS:
  trunk:
    - Alamofire
    - Realm
    - RealmSwift
    - RxCocoa
    - RxGesture
    - RxRelay
    - RxSwift
    - SDWebImage
    - SVProgressHUD
    - youtube-ios-player-helper

SPEC CHECKSUMS:
  Alamofire: e447a2774a40c996748296fa2c55112fdbbc42f9
  Realm: 1a6e9b4f6983711655d8c0bcb6d2d29c3afbb1f3
  RealmSwift: e72669550d27082aa4fad5d176f5076cfe806245
  RxCocoa: fcf32050ac00d801f34a7f71d5e8e7f23026dcd8
  RxGesture: a3f8dd6adf078110ed5e1c9c30d09d705a09852e
  RxRelay: d77f7d771495f43c556cbc43eebd1bb54d01e8e9
  RxSwift: 8b0671caa829a763bbce7271095859121cbd895f
  SDWebImage: 783af2c3fa36291a250030c4752ee370a9a51d13
  SVProgressHUD: 1428aafac632c1f86f62aa4243ec12008d7a51d6
  youtube-ios-player-helper: e9b97535e816db3152179d84d999bc1807ecd689

PODFILE CHECKSUM: 722d33b5ed1173a118e170bb1927f976ad1dfeed

COCOAPODS: 1.11.3
